Microsoft Visual Studio Solution File, Format Version 9.00
# Visual Studio 2005
Project("{8BC9CEB8-8B4A-11D0-8D11-00A0C91BC942}") = "binary_search", "apps\BinarySearch\binary_search.vcproj", "{9D650C70-D22D-4B4B-A721-2743BE8DE2E3}"
EndProject
Project("{8BC9CEB8-8B4A-11D0-8D11-00A0C91BC942}") = "black_scholes", "apps\BlackScholes\black_scholes.vcproj", "{BAE6D58C-BB8D-436F-863E-6086C6EEE582}"
EndProject
Project("{8BC9CEB8-8B4A-11D0-8D11-00A0C91BC942}") = "haar_wavelet", "apps\HaarWavelet\haar_wavelet.vcproj", "{BC5A99AE-2CE4-462F-B196-D5983AF16B1E}"
EndProject
Project("{8BC9CEB8-8B4A-11D0-8D11-00A0C91BC942}") = "hello_brook", "apps\HelloBrook\hello_brook.vcproj", "{A12D55B1-F406-46E0-B018-60F258EEAA52}"
EndProject
Project("{8BC9CEB8-8B4A-11D0-8D11-00A0C91BC942}") = "simple_matmult", "apps\SimpleMatMult\simple_matmult.vcproj", "{11A018B7-954E-4483-8B70-C23AE43B3851}"
EndProject
Project("{8BC9CEB8-8B4A-11D0-8D11-00A0C91BC942}") = "optimized_matmult", "apps\OptimizedMatMult\optimized_matmult.vcproj", "{D158BCFD-3B21-4313-A891-78BB99F53248}"
EndProject
Project("{8BC9CEB8-8B4A-11D0-8D11-00A0C91BC942}") = "prefix_sum", "apps\PrefixSum\prefix_sum.vcproj", "{4801645C-6681-4C94-B0CB-541AB0C3858A}"
EndProject
Project("{8BC9CEB8-8B4A-11D0-8D11-00A0C91BC942}") = "image_filter", "apps\ImageFilter\image_filter.vcproj", "{64856C1C-2B59-4054-ABB8-996DD395AC6E}"
EndProject
Project("{8BC9CEB8-8B4A-11D0-8D11-00A0C91BC942}") = "NLM_Denoise", "apps\NLMDenoise\NLM_denoise.vcproj", "{D57E554A-F5D4-4EB3-8489-83248962324B}"
EndProject
Project("{8BC9CEB8-8B4A-11D0-8D11-00A0C91BC942}") = "double_precision_optimized_matmult", "apps\DoubleOptimizedMatMult\double_precision_optimized_matmult.vcproj", "{341F336F-E98E-41AA-9E70-0A47DFB55EA9}"
EndProject
Project("{2150E333-8FDC-42A3-9474-1A3956D46DE8}") = "Applications", "Applications", "{79572ABB-5C4A-4BC9-A5F7-B86B754BF1CA}"
EndProject
Project("{2150E333-8FDC-42A3-9474-1A3956D46DE8}") = "Tutorials", "Tutorials", "{5524F9A8-F5DA-40EE-959A-49D3126F8E19}"
EndProject
Project("{8BC9CEB8-8B4A-11D0-8D11-00A0C91BC942}") = "buffer_stream_transfer", "tutorials\BufferToStream\buffer_to_stream.vcproj", "{3CF61504-54D6-4F16-9214-2DFC0443F665}"
EndProject
Project("{8BC9CEB8-8B4A-11D0-8D11-00A0C91BC942}") = "constantArray", "tutorials\ConstantArray\constantArray.vcproj", "{2AB383E5-E59B-41C0-BF3B-9D348EF294B1}"
EndProject
Project("{8BC9CEB8-8B4A-11D0-8D11-00A0C91BC942}") = "constants", "tutorials\Constants\constants.vcproj", "{12811272-45B4-44F4-A201-32C2AAF2112B}"
EndProject
Project("{8BC9CEB8-8B4A-11D0-8D11-00A0C91BC942}") = "create_streams", "tutorials\CreateStreams\create_streams.vcproj", "{4F4CC07B-0AAF-4AB3-9ED8-1412B104FF5D}"
EndProject
Project("{8BC9CEB8-8B4A-11D0-8D11-00A0C91BC942}") = "domain", "tutorials\Domain\domain.vcproj", "{EFBA77C9-9DB6-47F0-AA8E-7AF562D108E0}"
EndProject
Project("{8BC9CEB8-8B4A-11D0-8D11-00A0C91BC942}") = "exec_domain", "tutorials\ExecDomain\exec_domain.vcproj", "{B91362D5-C535-4BEB-AC16-A24D3550CE64}"
EndProject
Project("{8BC9CEB8-8B4A-11D0-8D11-00A0C91BC942}") = "for_loop", "tutorials\ForLoop\for_loop.vcproj", "{4E18D0BB-2AD9-497F-8AC8-6056E675D3DE}"
EndProject
Project("{8BC9CEB8-8B4A-11D0-8D11-00A0C91BC942}") = "gather_stream_kernel", "tutorials\GatherStreamKernel\gather_stream_kernel.vcproj", "{DFD35F71-2D7E-46CE-B3BF-3052D9E1B8AE}"
EndProject
Project("{8BC9CEB8-8B4A-11D0-8D11-00A0C91BC942}") = "multiple_kernels", "tutorials\MultipleKernels\multiple_kernels.vcproj", "{2AC9B17A-2715-4D83-A35D-BB5AB487C7FF}"
EndProject
Project("{8BC9CEB8-8B4A-11D0-8D11-00A0C91BC942}") = "reduce_kernel", "tutorials\ReduceKernel\reduce_kernel.vcproj", "{7D5EDA43-2455-40AD-A7E0-3EEFCA100F9F}"
EndProject
Project("{8BC9CEB8-8B4A-11D0-8D11-00A0C91BC942}") = "scatter_stream_kernel", "tutorials\ScatterStreamKernel\scatter_stream_kernel.vcproj", "{547F333D-BD97-4D30-B9DA-5CD5C29588E6}"
EndProject
Project("{8BC9CEB8-8B4A-11D0-8D11-00A0C91BC942}") = "simple_kernel", "tutorials\SimpleKernel\simple_kernel.vcproj", "{77931ED4-BCDC-4BB5-941A-B1118A900639}"
EndProject
Project("{8BC9CEB8-8B4A-11D0-8D11-00A0C91BC942}") = "stream_data_types", "tutorials\StreamDataTypes\stream_data_types.vcproj", "{994ECD56-B033-41EF-9A81-5C35A5E9A3F8}"
EndProject
Project("{8BC9CEB8-8B4A-11D0-8D11-00A0C91BC942}") = "bitonic_sort", "apps\BitonicSort\bitonic_sort.vcproj", "{B535F74E-5706-4795-9FA0-7B3E0404E5E9}"
EndProject
Project("{8BC9CEB8-8B4A-11D0-8D11-00A0C91BC942}") = "cholesky_factorization", "apps\Cholesky\cholesky.vcproj", "{AEA318FF-DCEC-4EE3-B469-1E8409934F4D}"
EndProject
Project("{8BC9CEB8-8B4A-11D0-8D11-00A0C91BC942}") = "floyd_warshall", "apps\FloydWarshall\floyd_warshall.vcproj", "{1C9BD304-0D57-4959-BA50-EC882C723A88}"
EndProject
Project("{8BC9CEB8-8B4A-11D0-8D11-00A0C91BC942}") = "mandelbrot", "apps\Mandelbrot\mandelbrot.vcproj", "{DEB09465-CC10-493E-B955-5BC92B366761}"
EndProject
Project("{8BC9CEB8-8B4A-11D0-8D11-00A0C91BC942}") = "mersenne_twister", "apps\MersenneTwister\mersenne_twister.vcproj", "{5E79873F-181C-4486-B15E-C048920DCCA6}"
EndProject
Project("{8BC9CEB8-8B4A-11D0-8D11-00A0C91BC942}") = "sparse_matrix_vector", "apps\SparseMatrixVector\sparse_matrix_vector.vcproj", "{22A2386D-3E63-4872-8E97-2B1657512D38}"
EndProject
Project("{8BC9CEB8-8B4A-11D0-8D11-00A0C91BC942}") = "binomial_option", "apps\BinomialOptionPricing\binomial_option.vcproj", "{AAA85058-BF4A-411B-87E9-4F6930FE3AA1}"
EndProject
Project("{8BC9CEB8-8B4A-11D0-8D11-00A0C91BC942}") = "out_of_core_matmult", "apps\OutOfCoreMatMult\out_of_core_matmult.vcproj", "{E342B1E1-8D42-430C-BD4B-CCB1889779C7}"
EndProject
Project("{8BC9CEB8-8B4A-11D0-8D11-00A0C91BC942}") = "MonteCarlo", "apps\MonteCarlo_MultiGPU\MonteCarlo.vcproj", "{9466825A-2DDD-4740-BC4D-B100EFD2AB33}"
EndProject
Project("{8BC9CEB8-8B4A-11D0-8D11-00A0C91BC942}") = "preprocessor", "tutorials\Preprocessor\Preprocessor.vcproj", "{371142C7-66F4-48D1-ABC8-2B7D672BDAE9}"
EndProject
Project("{8BC9CEB8-8B4A-11D0-8D11-00A0C91BC942}") = "lds", "tutorials\LDS\LDS.vcproj", "{D211E0E3-3092-4C37-A835-C8311A1205A2}"
EndProject
Project("{8BC9CEB8-8B4A-11D0-8D11-00A0C91BC942}") = "multi_gpu", "tutorials\MultiGPU\multi_gpu.vcproj", "{2CC7F34A-86C9-4B04-802C-6A59324FFAA5}"
EndProject
Project("{8BC9CEB8-8B4A-11D0-8D11-00A0C91BC942}") = "memory_pinning", "tutorials\MemoryPinning\memory_pinning.vcproj", "{E19A2390-D700-44AA-A8A6-AD5A058A5900}"
EndProject
Project("{8BC9CEB8-8B4A-11D0-8D11-00A0C91BC942}") = "asynchronous", "tutorials\Asynchronous\asynchronous.vcproj", "{15B729C3-859F-467D-8164-552F7227874C}"
EndProject
Global
	GlobalSection(SolutionConfigurationPlatforms) = preSolution
		Debug|Win32 = Debug|Win32
		Debug|x64 = Debug|x64
		Release|Win32 = Release|Win32
		Release|x64 = Release|x64
	EndGlobalSection
	GlobalSection(ProjectConfigurationPlatforms) = postSolution
		{9D650C70-D22D-4B4B-A721-2743BE8DE2E3}.Debug|Win32.ActiveCfg = Debug|Win32
		{9D650C70-D22D-4B4B-A721-2743BE8DE2E3}.Debug|Win32.Build.0 = Debug|Win32
		{9D650C70-D22D-4B4B-A721-2743BE8DE2E3}.Debug|x64.ActiveCfg = Debug|x64
		{9D650C70-D22D-4B4B-A721-2743BE8DE2E3}.Debug|x64.Build.0 = Debug|x64
		{9D650C70-D22D-4B4B-A721-2743BE8DE2E3}.Release|Win32.ActiveCfg = Release|Win32
		{9D650C70-D22D-4B4B-A721-2743BE8DE2E3}.Release|Win32.Build.0 = Release|Win32
		{9D650C70-D22D-4B4B-A721-2743BE8DE2E3}.Release|x64.ActiveCfg = Release|x64
		{9D650C70-D22D-4B4B-A721-2743BE8DE2E3}.Release|x64.Build.0 = Release|x64
		{BAE6D58C-BB8D-436F-863E-6086C6EEE582}.Debug|Win32.ActiveCfg = Debug|Win32
		{BAE6D58C-BB8D-436F-863E-6086C6EEE582}.Debug|Win32.Build.0 = Debug|Win32
		{BAE6D58C-BB8D-436F-863E-6086C6EEE582}.Debug|x64.ActiveCfg = Debug|x64
		{BAE6D58C-BB8D-436F-863E-6086C6EEE582}.Debug|x64.Build.0 = Debug|x64
		{BAE6D58C-BB8D-436F-863E-6086C6EEE582}.Release|Win32.ActiveCfg = Release|Win32
		{BAE6D58C-BB8D-436F-863E-6086C6EEE582}.Release|Win32.Build.0 = Release|Win32
		{BAE6D58C-BB8D-436F-863E-6086C6EEE582}.Release|x64.ActiveCfg = Release|x64
		{BAE6D58C-BB8D-436F-863E-6086C6EEE582}.Release|x64.Build.0 = Release|x64
		{BC5A99AE-2CE4-462F-B196-D5983AF16B1E}.Debug|Win32.ActiveCfg = Debug|Win32
		{BC5A99AE-2CE4-462F-B196-D5983AF16B1E}.Debug|Win32.Build.0 = Debug|Win32
		{BC5A99AE-2CE4-462F-B196-D5983AF16B1E}.Debug|x64.ActiveCfg = Debug|x64
		{BC5A99AE-2CE4-462F-B196-D5983AF16B1E}.Debug|x64.Build.0 = Debug|x64
		{BC5A99AE-2CE4-462F-B196-D5983AF16B1E}.Release|Win32.ActiveCfg = Release|Win32
		{BC5A99AE-2CE4-462F-B196-D5983AF16B1E}.Release|Win32.Build.0 = Release|Win32
		{BC5A99AE-2CE4-462F-B196-D5983AF16B1E}.Release|x64.ActiveCfg = Release|x64
		{BC5A99AE-2CE4-462F-B196-D5983AF16B1E}.Release|x64.Build.0 = Release|x64
		{A12D55B1-F406-46E0-B018-60F258EEAA52}.Debug|Win32.ActiveCfg = Debug|Win32
		{A12D55B1-F406-46E0-B018-60F258EEAA52}.Debug|Win32.Build.0 = Debug|Win32
		{A12D55B1-F406-46E0-B018-60F258EEAA52}.Debug|x64.ActiveCfg = Debug|x64
		{A12D55B1-F406-46E0-B018-60F258EEAA52}.Debug|x64.Build.0 = Debug|x64
		{A12D55B1-F406-46E0-B018-60F258EEAA52}.Release|Win32.ActiveCfg = Release|Win32
		{A12D55B1-F406-46E0-B018-60F258EEAA52}.Release|Win32.Build.0 = Release|Win32
		{A12D55B1-F406-46E0-B018-60F258EEAA52}.Release|x64.ActiveCfg = Release|x64
		{A12D55B1-F406-46E0-B018-60F258EEAA52}.Release|x64.Build.0 = Release|x64
		{11A018B7-954E-4483-8B70-C23AE43B3851}.Debug|Win32.ActiveCfg = Debug|Win32
		{11A018B7-954E-4483-8B70-C23AE43B3851}.Debug|Win32.Build.0 = Debug|Win32
		{11A018B7-954E-4483-8B70-C23AE43B3851}.Debug|x64.ActiveCfg = Debug|x64
		{11A018B7-954E-4483-8B70-C23AE43B3851}.Debug|x64.Build.0 = Debug|x64
		{11A018B7-954E-4483-8B70-C23AE43B3851}.Release|Win32.ActiveCfg = Release|Win32
		{11A018B7-954E-4483-8B70-C23AE43B3851}.Release|Win32.Build.0 = Release|Win32
		{11A018B7-954E-4483-8B70-C23AE43B3851}.Release|x64.ActiveCfg = Release|x64
		{11A018B7-954E-4483-8B70-C23AE43B3851}.Release|x64.Build.0 = Release|x64
		{D158BCFD-3B21-4313-A891-78BB99F53248}.Debug|Win32.ActiveCfg = Debug|Win32
		{D158BCFD-3B21-4313-A891-78BB99F53248}.Debug|Win32.Build.0 = Debug|Win32
		{D158BCFD-3B21-4313-A891-78BB99F53248}.Debug|x64.ActiveCfg = Debug|x64
		{D158BCFD-3B21-4313-A891-78BB99F53248}.Debug|x64.Build.0 = Debug|x64
		{D158BCFD-3B21-4313-A891-78BB99F53248}.Release|Win32.ActiveCfg = Release|Win32
		{D158BCFD-3B21-4313-A891-78BB99F53248}.Release|Win32.Build.0 = Release|Win32
		{D158BCFD-3B21-4313-A891-78BB99F53248}.Release|x64.ActiveCfg = Release|x64
		{D158BCFD-3B21-4313-A891-78BB99F53248}.Release|x64.Build.0 = Release|x64
		{4801645C-6681-4C94-B0CB-541AB0C3858A}.Debug|Win32.ActiveCfg = Debug|Win32
		{4801645C-6681-4C94-B0CB-541AB0C3858A}.Debug|Win32.Build.0 = Debug|Win32
		{4801645C-6681-4C94-B0CB-541AB0C3858A}.Debug|x64.ActiveCfg = Debug|x64
		{4801645C-6681-4C94-B0CB-541AB0C3858A}.Debug|x64.Build.0 = Debug|x64
		{4801645C-6681-4C94-B0CB-541AB0C3858A}.Release|Win32.ActiveCfg = Release|Win32
		{4801645C-6681-4C94-B0CB-541AB0C3858A}.Release|Win32.Build.0 = Release|Win32
		{4801645C-6681-4C94-B0CB-541AB0C3858A}.Release|x64.ActiveCfg = Release|x64
		{4801645C-6681-4C94-B0CB-541AB0C3858A}.Release|x64.Build.0 = Release|x64
		{64856C1C-2B59-4054-ABB8-996DD395AC6E}.Debug|Win32.ActiveCfg = Debug|Win32
		{64856C1C-2B59-4054-ABB8-996DD395AC6E}.Debug|Win32.Build.0 = Debug|Win32
		{64856C1C-2B59-4054-ABB8-996DD395AC6E}.Debug|x64.ActiveCfg = Debug|x64
		{64856C1C-2B59-4054-ABB8-996DD395AC6E}.Debug|x64.Build.0 = Debug|x64
		{64856C1C-2B59-4054-ABB8-996DD395AC6E}.Release|Win32.ActiveCfg = Release|Win32
		{64856C1C-2B59-4054-ABB8-996DD395AC6E}.Release|Win32.Build.0 = Release|Win32
		{64856C1C-2B59-4054-ABB8-996DD395AC6E}.Release|x64.ActiveCfg = Release|x64
		{64856C1C-2B59-4054-ABB8-996DD395AC6E}.Release|x64.Build.0 = Release|x64
		{D57E554A-F5D4-4EB3-8489-83248962324B}.Debug|Win32.ActiveCfg = Debug|Win32
		{D57E554A-F5D4-4EB3-8489-83248962324B}.Debug|Win32.Build.0 = Debug|Win32
		{D57E554A-F5D4-4EB3-8489-83248962324B}.Debug|x64.ActiveCfg = Debug|x64
		{D57E554A-F5D4-4EB3-8489-83248962324B}.Debug|x64.Build.0 = Debug|x64
		{D57E554A-F5D4-4EB3-8489-83248962324B}.Release|Win32.ActiveCfg = Release|Win32
		{D57E554A-F5D4-4EB3-8489-83248962324B}.Release|Win32.Build.0 = Release|Win32
		{D57E554A-F5D4-4EB3-8489-83248962324B}.Release|x64.ActiveCfg = Release|x64
		{D57E554A-F5D4-4EB3-8489-83248962324B}.Release|x64.Build.0 = Release|x64
		{341F336F-E98E-41AA-9E70-0A47DFB55EA9}.Debug|Win32.ActiveCfg = Debug|Win32
		{341F336F-E98E-41AA-9E70-0A47DFB55EA9}.Debug|Win32.Build.0 = Debug|Win32
		{341F336F-E98E-41AA-9E70-0A47DFB55EA9}.Debug|x64.ActiveCfg = Debug|x64
		{341F336F-E98E-41AA-9E70-0A47DFB55EA9}.Debug|x64.Build.0 = Debug|x64
		{341F336F-E98E-41AA-9E70-0A47DFB55EA9}.Release|Win32.ActiveCfg = Release|Win32
		{341F336F-E98E-41AA-9E70-0A47DFB55EA9}.Release|Win32.Build.0 = Release|Win32
		{341F336F-E98E-41AA-9E70-0A47DFB55EA9}.Release|x64.ActiveCfg = Release|x64
		{341F336F-E98E-41AA-9E70-0A47DFB55EA9}.Release|x64.Build.0 = Release|x64
		{3CF61504-54D6-4F16-9214-2DFC0443F665}.Debug|Win32.ActiveCfg = Debug|Win32
		{3CF61504-54D6-4F16-9214-2DFC0443F665}.Debug|Win32.Build.0 = Debug|Win32
		{3CF61504-54D6-4F16-9214-2DFC0443F665}.Debug|x64.ActiveCfg = Debug|x64
		{3CF61504-54D6-4F16-9214-2DFC0443F665}.Debug|x64.Build.0 = Debug|x64
		{3CF61504-54D6-4F16-9214-2DFC0443F665}.Release|Win32.ActiveCfg = Release|Win32
		{3CF61504-54D6-4F16-9214-2DFC0443F665}.Release|Win32.Build.0 = Release|Win32
		{3CF61504-54D6-4F16-9214-2DFC0443F665}.Release|x64.ActiveCfg = Release|x64
		{3CF61504-54D6-4F16-9214-2DFC0443F665}.Release|x64.Build.0 = Release|x64
		{2AB383E5-E59B-41C0-BF3B-9D348EF294B1}.Debug|Win32.ActiveCfg = Debug|Win32
		{2AB383E5-E59B-41C0-BF3B-9D348EF294B1}.Debug|Win32.Build.0 = Debug|Win32
		{2AB383E5-E59B-41C0-BF3B-9D348EF294B1}.Debug|x64.ActiveCfg = Debug|x64
		{2AB383E5-E59B-41C0-BF3B-9D348EF294B1}.Debug|x64.Build.0 = Debug|x64
		{2AB383E5-E59B-41C0-BF3B-9D348EF294B1}.Release|Win32.ActiveCfg = Release|Win32
		{2AB383E5-E59B-41C0-BF3B-9D348EF294B1}.Release|Win32.Build.0 = Release|Win32
		{2AB383E5-E59B-41C0-BF3B-9D348EF294B1}.Release|x64.ActiveCfg = Release|x64
		{2AB383E5-E59B-41C0-BF3B-9D348EF294B1}.Release|x64.Build.0 = Release|x64
		{12811272-45B4-44F4-A201-32C2AAF2112B}.Debug|Win32.ActiveCfg = Debug|Win32
		{12811272-45B4-44F4-A201-32C2AAF2112B}.Debug|Win32.Build.0 = Debug|Win32
		{12811272-45B4-44F4-A201-32C2AAF2112B}.Debug|x64.ActiveCfg = Debug|x64
		{12811272-45B4-44F4-A201-32C2AAF2112B}.Debug|x64.Build.0 = Debug|x64
		{12811272-45B4-44F4-A201-32C2AAF2112B}.Release|Win32.ActiveCfg = Release|Win32
		{12811272-45B4-44F4-A201-32C2AAF2112B}.Release|Win32.Build.0 = Release|Win32
		{12811272-45B4-44F4-A201-32C2AAF2112B}.Release|x64.ActiveCfg = Release|x64
		{12811272-45B4-44F4-A201-32C2AAF2112B}.Release|x64.Build.0 = Release|x64
		{4F4CC07B-0AAF-4AB3-9ED8-1412B104FF5D}.Debug|Win32.ActiveCfg = Debug|Win32
		{4F4CC07B-0AAF-4AB3-9ED8-1412B104FF5D}.Debug|Win32.Build.0 = Debug|Win32
		{4F4CC07B-0AAF-4AB3-9ED8-1412B104FF5D}.Debug|x64.ActiveCfg = Debug|x64
		{4F4CC07B-0AAF-4AB3-9ED8-1412B104FF5D}.Debug|x64.Build.0 = Debug|x64
		{4F4CC07B-0AAF-4AB3-9ED8-1412B104FF5D}.Release|Win32.ActiveCfg = Release|Win32
		{4F4CC07B-0AAF-4AB3-9ED8-1412B104FF5D}.Release|Win32.Build.0 = Release|Win32
		{4F4CC07B-0AAF-4AB3-9ED8-1412B104FF5D}.Release|x64.ActiveCfg = Release|x64
		{4F4CC07B-0AAF-4AB3-9ED8-1412B104FF5D}.Release|x64.Build.0 = Release|x64
		{EFBA77C9-9DB6-47F0-AA8E-7AF562D108E0}.Debug|Win32.ActiveCfg = Debug|Win32
		{EFBA77C9-9DB6-47F0-AA8E-7AF562D108E0}.Debug|Win32.Build.0 = Debug|Win32
		{EFBA77C9-9DB6-47F0-AA8E-7AF562D108E0}.Debug|x64.ActiveCfg = Debug|x64
		{EFBA77C9-9DB6-47F0-AA8E-7AF562D108E0}.Debug|x64.Build.0 = Debug|x64
		{EFBA77C9-9DB6-47F0-AA8E-7AF562D108E0}.Release|Win32.ActiveCfg = Release|Win32
		{EFBA77C9-9DB6-47F0-AA8E-7AF562D108E0}.Release|Win32.Build.0 = Release|Win32
		{EFBA77C9-9DB6-47F0-AA8E-7AF562D108E0}.Release|x64.ActiveCfg = Release|x64
		{EFBA77C9-9DB6-47F0-AA8E-7AF562D108E0}.Release|x64.Build.0 = Release|x64
		{B91362D5-C535-4BEB-AC16-A24D3550CE64}.Debug|Win32.ActiveCfg = Debug|Win32
		{B91362D5-C535-4BEB-AC16-A24D3550CE64}.Debug|Win32.Build.0 = Debug|Win32
		{B91362D5-C535-4BEB-AC16-A24D3550CE64}.Debug|x64.ActiveCfg = Debug|x64
		{B91362D5-C535-4BEB-AC16-A24D3550CE64}.Debug|x64.Build.0 = Debug|x64
		{B91362D5-C535-4BEB-AC16-A24D3550CE64}.Release|Win32.ActiveCfg = Release|Win32
		{B91362D5-C535-4BEB-AC16-A24D3550CE64}.Release|Win32.Build.0 = Release|Win32
		{B91362D5-C535-4BEB-AC16-A24D3550CE64}.Release|x64.ActiveCfg = Release|x64
		{B91362D5-C535-4BEB-AC16-A24D3550CE64}.Release|x64.Build.0 = Release|x64
		{4E18D0BB-2AD9-497F-8AC8-6056E675D3DE}.Debug|Win32.ActiveCfg = Debug|Win32
		{4E18D0BB-2AD9-497F-8AC8-6056E675D3DE}.Debug|Win32.Build.0 = Debug|Win32
		{4E18D0BB-2AD9-497F-8AC8-6056E675D3DE}.Debug|x64.ActiveCfg = Debug|x64
		{4E18D0BB-2AD9-497F-8AC8-6056E675D3DE}.Debug|x64.Build.0 = Debug|x64
		{4E18D0BB-2AD9-497F-8AC8-6056E675D3DE}.Release|Win32.ActiveCfg = Release|Win32
		{4E18D0BB-2AD9-497F-8AC8-6056E675D3DE}.Release|Win32.Build.0 = Release|Win32
		{4E18D0BB-2AD9-497F-8AC8-6056E675D3DE}.Release|x64.ActiveCfg = Release|x64
		{4E18D0BB-2AD9-497F-8AC8-6056E675D3DE}.Release|x64.Build.0 = Release|x64
		{DFD35F71-2D7E-46CE-B3BF-3052D9E1B8AE}.Debug|Win32.ActiveCfg = Debug|Win32
		{DFD35F71-2D7E-46CE-B3BF-3052D9E1B8AE}.Debug|Win32.Build.0 = Debug|Win32
		{DFD35F71-2D7E-46CE-B3BF-3052D9E1B8AE}.Debug|x64.ActiveCfg = Debug|x64
		{DFD35F71-2D7E-46CE-B3BF-3052D9E1B8AE}.Debug|x64.Build.0 = Debug|x64
		{DFD35F71-2D7E-46CE-B3BF-3052D9E1B8AE}.Release|Win32.ActiveCfg = Release|Win32
		{DFD35F71-2D7E-46CE-B3BF-3052D9E1B8AE}.Release|Win32.Build.0 = Release|Win32
		{DFD35F71-2D7E-46CE-B3BF-3052D9E1B8AE}.Release|x64.ActiveCfg = Release|x64
		{DFD35F71-2D7E-46CE-B3BF-3052D9E1B8AE}.Release|x64.Build.0 = Release|x64
		{2AC9B17A-2715-4D83-A35D-BB5AB487C7FF}.Debug|Win32.ActiveCfg = Debug|Win32
		{2AC9B17A-2715-4D83-A35D-BB5AB487C7FF}.Debug|Win32.Build.0 = Debug|Win32
		{2AC9B17A-2715-4D83-A35D-BB5AB487C7FF}.Debug|x64.ActiveCfg = Debug|x64
		{2AC9B17A-2715-4D83-A35D-BB5AB487C7FF}.Debug|x64.Build.0 = Debug|x64
		{2AC9B17A-2715-4D83-A35D-BB5AB487C7FF}.Release|Win32.ActiveCfg = Release|Win32
		{2AC9B17A-2715-4D83-A35D-BB5AB487C7FF}.Release|Win32.Build.0 = Release|Win32
		{2AC9B17A-2715-4D83-A35D-BB5AB487C7FF}.Release|x64.ActiveCfg = Release|x64
		{2AC9B17A-2715-4D83-A35D-BB5AB487C7FF}.Release|x64.Build.0 = Release|x64
		{7D5EDA43-2455-40AD-A7E0-3EEFCA100F9F}.Debug|Win32.ActiveCfg = Debug|Win32
		{7D5EDA43-2455-40AD-A7E0-3EEFCA100F9F}.Debug|Win32.Build.0 = Debug|Win32
		{7D5EDA43-2455-40AD-A7E0-3EEFCA100F9F}.Debug|x64.ActiveCfg = Debug|x64
		{7D5EDA43-2455-40AD-A7E0-3EEFCA100F9F}.Debug|x64.Build.0 = Debug|x64
		{7D5EDA43-2455-40AD-A7E0-3EEFCA100F9F}.Release|Win32.ActiveCfg = Release|Win32
		{7D5EDA43-2455-40AD-A7E0-3EEFCA100F9F}.Release|Win32.Build.0 = Release|Win32
		{7D5EDA43-2455-40AD-A7E0-3EEFCA100F9F}.Release|x64.ActiveCfg = Release|x64
		{7D5EDA43-2455-40AD-A7E0-3EEFCA100F9F}.Release|x64.Build.0 = Release|x64
		{547F333D-BD97-4D30-B9DA-5CD5C29588E6}.Debug|Win32.ActiveCfg = Debug|Win32
		{547F333D-BD97-4D30-B9DA-5CD5C29588E6}.Debug|Win32.Build.0 = Debug|Win32
		{547F333D-BD97-4D30-B9DA-5CD5C29588E6}.Debug|x64.ActiveCfg = Debug|x64
		{547F333D-BD97-4D30-B9DA-5CD5C29588E6}.Debug|x64.Build.0 = Debug|x64
		{547F333D-BD97-4D30-B9DA-5CD5C29588E6}.Release|Win32.ActiveCfg = Release|Win32
		{547F333D-BD97-4D30-B9DA-5CD5C29588E6}.Release|Win32.Build.0 = Release|Win32
		{547F333D-BD97-4D30-B9DA-5CD5C29588E6}.Release|x64.ActiveCfg = Release|x64
		{547F333D-BD97-4D30-B9DA-5CD5C29588E6}.Release|x64.Build.0 = Release|x64
		{77931ED4-BCDC-4BB5-941A-B1118A900639}.Debug|Win32.ActiveCfg = Debug|Win32
		{77931ED4-BCDC-4BB5-941A-B1118A900639}.Debug|Win32.Build.0 = Debug|Win32
		{77931ED4-BCDC-4BB5-941A-B1118A900639}.Debug|x64.ActiveCfg = Debug|x64
		{77931ED4-BCDC-4BB5-941A-B1118A900639}.Debug|x64.Build.0 = Debug|x64
		{77931ED4-BCDC-4BB5-941A-B1118A900639}.Release|Win32.ActiveCfg = Release|Win32
		{77931ED4-BCDC-4BB5-941A-B1118A900639}.Release|Win32.Build.0 = Release|Win32
		{77931ED4-BCDC-4BB5-941A-B1118A900639}.Release|x64.ActiveCfg = Release|x64
		{77931ED4-BCDC-4BB5-941A-B1118A900639}.Release|x64.Build.0 = Release|x64
		{994ECD56-B033-41EF-9A81-5C35A5E9A3F8}.Debug|Win32.ActiveCfg = Debug|Win32
		{994ECD56-B033-41EF-9A81-5C35A5E9A3F8}.Debug|Win32.Build.0 = Debug|Win32
		{994ECD56-B033-41EF-9A81-5C35A5E9A3F8}.Debug|x64.ActiveCfg = Debug|x64
		{994ECD56-B033-41EF-9A81-5C35A5E9A3F8}.Debug|x64.Build.0 = Debug|x64
		{994ECD56-B033-41EF-9A81-5C35A5E9A3F8}.Release|Win32.ActiveCfg = Release|Win32
		{994ECD56-B033-41EF-9A81-5C35A5E9A3F8}.Release|Win32.Build.0 = Release|Win32
		{994ECD56-B033-41EF-9A81-5C35A5E9A3F8}.Release|x64.ActiveCfg = Release|x64
		{994ECD56-B033-41EF-9A81-5C35A5E9A3F8}.Release|x64.Build.0 = Release|x64
		{B535F74E-5706-4795-9FA0-7B3E0404E5E9}.Debug|Win32.ActiveCfg = Debug|Win32
		{B535F74E-5706-4795-9FA0-7B3E0404E5E9}.Debug|Win32.Build.0 = Debug|Win32
		{B535F74E-5706-4795-9FA0-7B3E0404E5E9}.Debug|x64.ActiveCfg = Debug|x64
		{B535F74E-5706-4795-9FA0-7B3E0404E5E9}.Debug|x64.Build.0 = Debug|x64
		{B535F74E-5706-4795-9FA0-7B3E0404E5E9}.Release|Win32.ActiveCfg = Release|Win32
		{B535F74E-5706-4795-9FA0-7B3E0404E5E9}.Release|Win32.Build.0 = Release|Win32
		{B535F74E-5706-4795-9FA0-7B3E0404E5E9}.Release|x64.ActiveCfg = Release|x64
		{B535F74E-5706-4795-9FA0-7B3E0404E5E9}.Release|x64.Build.0 = Release|x64
		{AEA318FF-DCEC-4EE3-B469-1E8409934F4D}.Debug|Win32.ActiveCfg = Debug|Win32
		{AEA318FF-DCEC-4EE3-B469-1E8409934F4D}.Debug|Win32.Build.0 = Debug|Win32
		{AEA318FF-DCEC-4EE3-B469-1E8409934F4D}.Debug|x64.ActiveCfg = Debug|x64
		{AEA318FF-DCEC-4EE3-B469-1E8409934F4D}.Debug|x64.Build.0 = Debug|x64
		{AEA318FF-DCEC-4EE3-B469-1E8409934F4D}.Release|Win32.ActiveCfg = Release|Win32
		{AEA318FF-DCEC-4EE3-B469-1E8409934F4D}.Release|Win32.Build.0 = Release|Win32
		{AEA318FF-DCEC-4EE3-B469-1E8409934F4D}.Release|x64.ActiveCfg = Release|x64
		{AEA318FF-DCEC-4EE3-B469-1E8409934F4D}.Release|x64.Build.0 = Release|x64
		{1C9BD304-0D57-4959-BA50-EC882C723A88}.Debug|Win32.ActiveCfg = Debug|Win32
		{1C9BD304-0D57-4959-BA50-EC882C723A88}.Debug|Win32.Build.0 = Debug|Win32
		{1C9BD304-0D57-4959-BA50-EC882C723A88}.Debug|x64.ActiveCfg = Debug|x64
		{1C9BD304-0D57-4959-BA50-EC882C723A88}.Debug|x64.Build.0 = Debug|x64
		{1C9BD304-0D57-4959-BA50-EC882C723A88}.Release|Win32.ActiveCfg = Release|Win32
		{1C9BD304-0D57-4959-BA50-EC882C723A88}.Release|Win32.Build.0 = Release|Win32
		{1C9BD304-0D57-4959-BA50-EC882C723A88}.Release|x64.ActiveCfg = Release|x64
		{1C9BD304-0D57-4959-BA50-EC882C723A88}.Release|x64.Build.0 = Release|x64
		{DEB09465-CC10-493E-B955-5BC92B366761}.Debug|Win32.ActiveCfg = Debug|Win32
		{DEB09465-CC10-493E-B955-5BC92B366761}.Debug|Win32.Build.0 = Debug|Win32
		{DEB09465-CC10-493E-B955-5BC92B366761}.Debug|x64.ActiveCfg = Debug|x64
		{DEB09465-CC10-493E-B955-5BC92B366761}.Debug|x64.Build.0 = Debug|x64
		{DEB09465-CC10-493E-B955-5BC92B366761}.Release|Win32.ActiveCfg = Release|Win32
		{DEB09465-CC10-493E-B955-5BC92B366761}.Release|Win32.Build.0 = Release|Win32
		{DEB09465-CC10-493E-B955-5BC92B366761}.Release|x64.ActiveCfg = Release|x64
		{DEB09465-CC10-493E-B955-5BC92B366761}.Release|x64.Build.0 = Release|x64
		{5E79873F-181C-4486-B15E-C048920DCCA6}.Debug|Win32.ActiveCfg = Debug|Win32
		{5E79873F-181C-4486-B15E-C048920DCCA6}.Debug|Win32.Build.0 = Debug|Win32
		{5E79873F-181C-4486-B15E-C048920DCCA6}.Debug|x64.ActiveCfg = Debug|x64
		{5E79873F-181C-4486-B15E-C048920DCCA6}.Debug|x64.Build.0 = Debug|x64
		{5E79873F-181C-4486-B15E-C048920DCCA6}.Release|Win32.ActiveCfg = Release|Win32
		{5E79873F-181C-4486-B15E-C048920DCCA6}.Release|Win32.Build.0 = Release|Win32
		{5E79873F-181C-4486-B15E-C048920DCCA6}.Release|x64.ActiveCfg = Release|x64
		{5E79873F-181C-4486-B15E-C048920DCCA6}.Release|x64.Build.0 = Release|x64
		{22A2386D-3E63-4872-8E97-2B1657512D38}.Debug|Win32.ActiveCfg = Debug|Win32
		{22A2386D-3E63-4872-8E97-2B1657512D38}.Debug|Win32.Build.0 = Debug|Win32
		{22A2386D-3E63-4872-8E97-2B1657512D38}.Debug|x64.ActiveCfg = Debug|x64
		{22A2386D-3E63-4872-8E97-2B1657512D38}.Debug|x64.Build.0 = Debug|x64
		{22A2386D-3E63-4872-8E97-2B1657512D38}.Release|Win32.ActiveCfg = Release|Win32
		{22A2386D-3E63-4872-8E97-2B1657512D38}.Release|Win32.Build.0 = Release|Win32
		{22A2386D-3E63-4872-8E97-2B1657512D38}.Release|x64.ActiveCfg = Release|x64
		{22A2386D-3E63-4872-8E97-2B1657512D38}.Release|x64.Build.0 = Release|x64
		{AAA85058-BF4A-411B-87E9-4F6930FE3AA1}.Debug|Win32.ActiveCfg = Debug|Win32
		{AAA85058-BF4A-411B-87E9-4F6930FE3AA1}.Debug|Win32.Build.0 = Debug|Win32
		{AAA85058-BF4A-411B-87E9-4F6930FE3AA1}.Debug|x64.ActiveCfg = Debug|x64
		{AAA85058-BF4A-411B-87E9-4F6930FE3AA1}.Debug|x64.Build.0 = Debug|x64
		{AAA85058-BF4A-411B-87E9-4F6930FE3AA1}.Release|Win32.ActiveCfg = Release|Win32
		{AAA85058-BF4A-411B-87E9-4F6930FE3AA1}.Release|Win32.Build.0 = Release|Win32
		{AAA85058-BF4A-411B-87E9-4F6930FE3AA1}.Release|x64.ActiveCfg = Release|x64
		{AAA85058-BF4A-411B-87E9-4F6930FE3AA1}.Release|x64.Build.0 = Release|x64
		{E342B1E1-8D42-430C-BD4B-CCB1889779C7}.Debug|Win32.ActiveCfg = Debug|Win32
		{E342B1E1-8D42-430C-BD4B-CCB1889779C7}.Debug|Win32.Build.0 = Debug|Win32
		{E342B1E1-8D42-430C-BD4B-CCB1889779C7}.Debug|x64.ActiveCfg = Debug|x64
		{E342B1E1-8D42-430C-BD4B-CCB1889779C7}.Debug|x64.Build.0 = Debug|x64
		{E342B1E1-8D42-430C-BD4B-CCB1889779C7}.Release|Win32.ActiveCfg = Release|Win32
		{E342B1E1-8D42-430C-BD4B-CCB1889779C7}.Release|Win32.Build.0 = Release|Win32
		{E342B1E1-8D42-430C-BD4B-CCB1889779C7}.Release|x64.ActiveCfg = Release|x64
		{E342B1E1-8D42-430C-BD4B-CCB1889779C7}.Release|x64.Build.0 = Release|x64
		{9466825A-2DDD-4740-BC4D-B100EFD2AB33}.Debug|Win32.ActiveCfg = Debug|Win32
		{9466825A-2DDD-4740-BC4D-B100EFD2AB33}.Debug|Win32.Build.0 = Debug|Win32
		{9466825A-2DDD-4740-BC4D-B100EFD2AB33}.Debug|x64.ActiveCfg = Debug|x64
		{9466825A-2DDD-4740-BC4D-B100EFD2AB33}.Debug|x64.Build.0 = Debug|x64
		{9466825A-2DDD-4740-BC4D-B100EFD2AB33}.Release|Win32.ActiveCfg = Release|Win32
		{9466825A-2DDD-4740-BC4D-B100EFD2AB33}.Release|Win32.Build.0 = Release|Win32
		{9466825A-2DDD-4740-BC4D-B100EFD2AB33}.Release|x64.ActiveCfg = Release|x64
		{9466825A-2DDD-4740-BC4D-B100EFD2AB33}.Release|x64.Build.0 = Release|x64
		{371142C7-66F4-48D1-ABC8-2B7D672BDAE9}.Debug|Win32.ActiveCfg = Debug|Win32
		{371142C7-66F4-48D1-ABC8-2B7D672BDAE9}.Debug|Win32.Build.0 = Debug|Win32
		{371142C7-66F4-48D1-ABC8-2B7D672BDAE9}.Debug|x64.ActiveCfg = Debug|x64
		{371142C7-66F4-48D1-ABC8-2B7D672BDAE9}.Debug|x64.Build.0 = Debug|x64
		{371142C7-66F4-48D1-ABC8-2B7D672BDAE9}.Release|Win32.ActiveCfg = Release|Win32
		{371142C7-66F4-48D1-ABC8-2B7D672BDAE9}.Release|Win32.Build.0 = Release|Win32
		{371142C7-66F4-48D1-ABC8-2B7D672BDAE9}.Release|x64.ActiveCfg = Release|x64
		{371142C7-66F4-48D1-ABC8-2B7D672BDAE9}.Release|x64.Build.0 = Release|x64
		{D211E0E3-3092-4C37-A835-C8311A1205A2}.Debug|Win32.ActiveCfg = Debug|Win32
		{D211E0E3-3092-4C37-A835-C8311A1205A2}.Debug|Win32.Build.0 = Debug|Win32
		{D211E0E3-3092-4C37-A835-C8311A1205A2}.Debug|x64.ActiveCfg = Debug|x64
		{D211E0E3-3092-4C37-A835-C8311A1205A2}.Debug|x64.Build.0 = Debug|x64
		{D211E0E3-3092-4C37-A835-C8311A1205A2}.Release|Win32.ActiveCfg = Release|Win32
		{D211E0E3-3092-4C37-A835-C8311A1205A2}.Release|Win32.Build.0 = Release|Win32
		{D211E0E3-3092-4C37-A835-C8311A1205A2}.Release|x64.ActiveCfg = Release|x64
		{D211E0E3-3092-4C37-A835-C8311A1205A2}.Release|x64.Build.0 = Release|x64
		{2CC7F34A-86C9-4B04-802C-6A59324FFAA5}.Debug|Win32.ActiveCfg = Debug|Win32
		{2CC7F34A-86C9-4B04-802C-6A59324FFAA5}.Debug|Win32.Build.0 = Debug|Win32
		{2CC7F34A-86C9-4B04-802C-6A59324FFAA5}.Debug|x64.ActiveCfg = Debug|x64
		{2CC7F34A-86C9-4B04-802C-6A59324FFAA5}.Debug|x64.Build.0 = Debug|x64
		{2CC7F34A-86C9-4B04-802C-6A59324FFAA5}.Release|Win32.ActiveCfg = Release|Win32
		{2CC7F34A-86C9-4B04-802C-6A59324FFAA5}.Release|Win32.Build.0 = Release|Win32
		{2CC7F34A-86C9-4B04-802C-6A59324FFAA5}.Release|x64.ActiveCfg = Release|x64
		{2CC7F34A-86C9-4B04-802C-6A59324FFAA5}.Release|x64.Build.0 = Release|x64
		{E19A2390-D700-44AA-A8A6-AD5A058A5900}.Debug|Win32.ActiveCfg = Debug|Win32
		{E19A2390-D700-44AA-A8A6-AD5A058A5900}.Debug|Win32.Build.0 = Debug|Win32
		{E19A2390-D700-44AA-A8A6-AD5A058A5900}.Debug|x64.ActiveCfg = Debug|x64
		{E19A2390-D700-44AA-A8A6-AD5A058A5900}.Debug|x64.Build.0 = Debug|x64
		{E19A2390-D700-44AA-A8A6-AD5A058A5900}.Release|Win32.ActiveCfg = Release|Win32
		{E19A2390-D700-44AA-A8A6-AD5A058A5900}.Release|Win32.Build.0 = Release|Win32
		{E19A2390-D700-44AA-A8A6-AD5A058A5900}.Release|x64.ActiveCfg = Release|x64
		{E19A2390-D700-44AA-A8A6-AD5A058A5900}.Release|x64.Build.0 = Release|x64
		{15B729C3-859F-467D-8164-552F7227874C}.Debug|Win32.ActiveCfg = Debug|Win32
		{15B729C3-859F-467D-8164-552F7227874C}.Debug|Win32.Build.0 = Debug|Win32
		{15B729C3-859F-467D-8164-552F7227874C}.Debug|x64.ActiveCfg = Debug|x64
		{15B729C3-859F-467D-8164-552F7227874C}.Debug|x64.Build.0 = Debug|x64
		{15B729C3-859F-467D-8164-552F7227874C}.Release|Win32.ActiveCfg = Release|Win32
		{15B729C3-859F-467D-8164-552F7227874C}.Release|Win32.Build.0 = Release|Win32
		{15B729C3-859F-467D-8164-552F7227874C}.Release|x64.ActiveCfg = Release|x64
		{15B729C3-859F-467D-8164-552F7227874C}.Release|x64.Build.0 = Release|x64
	EndGlobalSection
	GlobalSection(SolutionProperties) = preSolution
		HideSolutionNode = FALSE
	EndGlobalSection
	GlobalSection(NestedProjects) = preSolution
		{BAE6D58C-BB8D-436F-863E-6086C6EEE582} = {79572ABB-5C4A-4BC9-A5F7-B86B754BF1CA}
		{BC5A99AE-2CE4-462F-B196-D5983AF16B1E} = {79572ABB-5C4A-4BC9-A5F7-B86B754BF1CA}
		{A12D55B1-F406-46E0-B018-60F258EEAA52} = {79572ABB-5C4A-4BC9-A5F7-B86B754BF1CA}
		{11A018B7-954E-4483-8B70-C23AE43B3851} = {79572ABB-5C4A-4BC9-A5F7-B86B754BF1CA}
		{D158BCFD-3B21-4313-A891-78BB99F53248} = {79572ABB-5C4A-4BC9-A5F7-B86B754BF1CA}
		{4801645C-6681-4C94-B0CB-541AB0C3858A} = {79572ABB-5C4A-4BC9-A5F7-B86B754BF1CA}
		{64856C1C-2B59-4054-ABB8-996DD395AC6E} = {79572ABB-5C4A-4BC9-A5F7-B86B754BF1CA}
		{D57E554A-F5D4-4EB3-8489-83248962324B} = {79572ABB-5C4A-4BC9-A5F7-B86B754BF1CA}
		{341F336F-E98E-41AA-9E70-0A47DFB55EA9} = {79572ABB-5C4A-4BC9-A5F7-B86B754BF1CA}
		{9D650C70-D22D-4B4B-A721-2743BE8DE2E3} = {79572ABB-5C4A-4BC9-A5F7-B86B754BF1CA}
		{B535F74E-5706-4795-9FA0-7B3E0404E5E9} = {79572ABB-5C4A-4BC9-A5F7-B86B754BF1CA}
		{AEA318FF-DCEC-4EE3-B469-1E8409934F4D} = {79572ABB-5C4A-4BC9-A5F7-B86B754BF1CA}
		{1C9BD304-0D57-4959-BA50-EC882C723A88} = {79572ABB-5C4A-4BC9-A5F7-B86B754BF1CA}
		{DEB09465-CC10-493E-B955-5BC92B366761} = {79572ABB-5C4A-4BC9-A5F7-B86B754BF1CA}
		{5E79873F-181C-4486-B15E-C048920DCCA6} = {79572ABB-5C4A-4BC9-A5F7-B86B754BF1CA}
		{22A2386D-3E63-4872-8E97-2B1657512D38} = {79572ABB-5C4A-4BC9-A5F7-B86B754BF1CA}
		{AAA85058-BF4A-411B-87E9-4F6930FE3AA1} = {79572ABB-5C4A-4BC9-A5F7-B86B754BF1CA}
		{E342B1E1-8D42-430C-BD4B-CCB1889779C7} = {79572ABB-5C4A-4BC9-A5F7-B86B754BF1CA}
		{9466825A-2DDD-4740-BC4D-B100EFD2AB33} = {79572ABB-5C4A-4BC9-A5F7-B86B754BF1CA}
		{3CF61504-54D6-4F16-9214-2DFC0443F665} = {5524F9A8-F5DA-40EE-959A-49D3126F8E19}
		{2AB383E5-E59B-41C0-BF3B-9D348EF294B1} = {5524F9A8-F5DA-40EE-959A-49D3126F8E19}
		{12811272-45B4-44F4-A201-32C2AAF2112B} = {5524F9A8-F5DA-40EE-959A-49D3126F8E19}
		{4F4CC07B-0AAF-4AB3-9ED8-1412B104FF5D} = {5524F9A8-F5DA-40EE-959A-49D3126F8E19}
		{EFBA77C9-9DB6-47F0-AA8E-7AF562D108E0} = {5524F9A8-F5DA-40EE-959A-49D3126F8E19}
		{B91362D5-C535-4BEB-AC16-A24D3550CE64} = {5524F9A8-F5DA-40EE-959A-49D3126F8E19}
		{4E18D0BB-2AD9-497F-8AC8-6056E675D3DE} = {5524F9A8-F5DA-40EE-959A-49D3126F8E19}
		{DFD35F71-2D7E-46CE-B3BF-3052D9E1B8AE} = {5524F9A8-F5DA-40EE-959A-49D3126F8E19}
		{2AC9B17A-2715-4D83-A35D-BB5AB487C7FF} = {5524F9A8-F5DA-40EE-959A-49D3126F8E19}
		{7D5EDA43-2455-40AD-A7E0-3EEFCA100F9F} = {5524F9A8-F5DA-40EE-959A-49D3126F8E19}
		{547F333D-BD97-4D30-B9DA-5CD5C29588E6} = {5524F9A8-F5DA-40EE-959A-49D3126F8E19}
		{77931ED4-BCDC-4BB5-941A-B1118A900639} = {5524F9A8-F5DA-40EE-959A-49D3126F8E19}
		{994ECD56-B033-41EF-9A81-5C35A5E9A3F8} = {5524F9A8-F5DA-40EE-959A-49D3126F8E19}
		{371142C7-66F4-48D1-ABC8-2B7D672BDAE9} = {5524F9A8-F5DA-40EE-959A-49D3126F8E19}
		{D211E0E3-3092-4C37-A835-C8311A1205A2} = {5524F9A8-F5DA-40EE-959A-49D3126F8E19}
		{2CC7F34A-86C9-4B04-802C-6A59324FFAA5} = {5524F9A8-F5DA-40EE-959A-49D3126F8E19}
		{E19A2390-D700-44AA-A8A6-AD5A058A5900} = {5524F9A8-F5DA-40EE-959A-49D3126F8E19}
		{15B729C3-859F-467D-8164-552F7227874C} = {5524F9A8-F5DA-40EE-959A-49D3126F8E19}
	EndGlobalSection
EndGlobal
