
Microsoft Visual Studio Solution File, Format Version 9.00
# Visual Studio 2005
Project("{2150E333-8FDC-42A3-9474-1A3956D46DE8}") = "Applications", "Applications", "{6DC235BA-AA30-4012-A99E-296D1098EEE4}"
EndProject
Project("{2150E333-8FDC-42A3-9474-1A3956D46DE8}") = "Tests", "Tests", "{F1A45B57-8AA5-484F-B7D1-E09420A28FCA}"
EndProject
Project("{8BC9CEB8-8B4A-11D0-8D11-00A0C91BC942}") = "binary_search", "apps\binary_search\binary_search.vcproj", "{A84C7E6A-7ED1-4EE6-9085-7882B1A35492}"
EndProject
Project("{8BC9CEB8-8B4A-11D0-8D11-00A0C91BC942}") = "BinomialOptionPricing", "apps\BinomialOptionPricing\BinomialOptionPricing.vcproj", "{AAA85058-BF4A-411B-87E9-4F6930FE3AA1}"
EndProject
Project("{8BC9CEB8-8B4A-11D0-8D11-00A0C91BC942}") = "bitonic_sort", "apps\bitonic_sort\bitonic_sort.vcproj", "{D83FE897-8E4C-46DC-9710-5E8CDB4B753F}"
EndProject
Project("{8BC9CEB8-8B4A-11D0-8D11-00A0C91BC942}") = "black_scholes", "apps\black_scholes\black_scholes.vcproj", "{6349DD7E-BF6F-4348-B1E4-755A7BF524B1}"
EndProject
Project("{8BC9CEB8-8B4A-11D0-8D11-00A0C91BC942}") = "cholesky", "apps\cholesky\cholesky.vcproj", "{AEA318FF-DCEC-4EE3-B469-1E8409934F4D}"
EndProject
Project("{8BC9CEB8-8B4A-11D0-8D11-00A0C91BC942}") = "double_precision_optimized_matmult", "apps\double_precision_optimized_matmult\double_precision_optimized_matmult.vcproj", "{084ADBE4-2181-498A-892B-C94F790E3B7C}"
EndProject
Project("{8BC9CEB8-8B4A-11D0-8D11-00A0C91BC942}") = "double_precision_simple_matmult", "apps\double_precision_simple_matmult\double_precision_simple_matmult.vcproj", "{643CA5FF-C58D-4B58-908D-7EBE9E77AB37}"
EndProject
Project("{8BC9CEB8-8B4A-11D0-8D11-00A0C91BC942}") = "floyd_warshall", "apps\floyd_warshall\floyd_warshall.vcproj", "{33CCCDF4-929F-499D-A2B7-D190B08EB9B3}"
EndProject
Project("{8BC9CEB8-8B4A-11D0-8D11-00A0C91BC942}") = "haar_wavelet", "apps\haar_wavelet\haar_wavelet.vcproj", "{DA9CBB1C-FE90-4C14-83C8-B480CF390904}"
EndProject
Project("{8BC9CEB8-8B4A-11D0-8D11-00A0C91BC942}") = "hello_brook", "apps\hello_brook\hello_brook.vcproj", "{0B7DAB9C-5DC6-4C89-B571-C01BD5BA7C4D}"
EndProject
Project("{8BC9CEB8-8B4A-11D0-8D11-00A0C91BC942}") = "image_filter", "apps\image_filter\image_filter.vcproj", "{36E636AF-1394-4ADC-9344-1CC7D7146C7D}"
EndProject
Project("{8BC9CEB8-8B4A-11D0-8D11-00A0C91BC942}") = "mandelbrot", "apps\mandelbrot\mandelbrot.vcproj", "{EA1F2626-2A2B-41CD-89CB-44F53722D91D}"
EndProject
Project("{8BC9CEB8-8B4A-11D0-8D11-00A0C91BC942}") = "MersenneTwister", "apps\MersenneTwister\MersenneTwister.vcproj", "{5E79873F-181C-4486-B15E-C048920DCCA6}"
EndProject
Project("{8BC9CEB8-8B4A-11D0-8D11-00A0C91BC942}") = "NLM_Denoise", "apps\NLM_Denoise\NLM_Denoise.vcproj", "{C0E90D9F-A952-44DA-A3AA-4D74496B93CB}"
EndProject
Project("{8BC9CEB8-8B4A-11D0-8D11-00A0C91BC942}") = "optimized_matmult", "apps\optimized_matmult\optimized_matmult.vcproj", "{64992FF0-90D8-4634-870F-DC9A23757EEC}"
EndProject
Project("{8BC9CEB8-8B4A-11D0-8D11-00A0C91BC942}") = "out_of_core_matmult", "apps\out_of_core_matmult\out_of_core_matmult.vcproj", "{E342B1E1-8D42-430C-BD4B-CCB1889779C7}"
EndProject
Project("{8BC9CEB8-8B4A-11D0-8D11-00A0C91BC942}") = "prefix_sum", "apps\prefix_sum\prefix_sum.vcproj", "{1E154AF5-F349-42DC-9AFA-1C476445360A}"
EndProject
Project("{8BC9CEB8-8B4A-11D0-8D11-00A0C91BC942}") = "simple_matmult", "apps\simple_matmult\simple_matmult.vcproj", "{FC13CA6C-8B2E-4BE3-BC53-CCCD77FBB3DA}"
EndProject
Project("{8BC9CEB8-8B4A-11D0-8D11-00A0C91BC942}") = "sparse_matrix_vector", "apps\sparse_matrix_vector\sparse_matrix_vector.vcproj", "{05C8EE4C-25A0-4B5B-8597-0EDDF645321A}"
EndProject
Project("{8BC9CEB8-8B4A-11D0-8D11-00A0C91BC942}") = "accumulate", "tests\accumulate\accumulate.vcproj", "{4DBE6079-EB8F-4327-8508-2E82BA5D2F42}"
EndProject
Project("{8BC9CEB8-8B4A-11D0-8D11-00A0C91BC942}") = "address_translation", "tests\address_translation\address_translation.vcproj", "{8142CF3B-65D3-4617-8F60-4A57C08ACE97}"
EndProject
Project("{8BC9CEB8-8B4A-11D0-8D11-00A0C91BC942}") = "constant", "tests\constant\constant.vcproj", "{389CEDB1-5A56-4D75-822E-6664A0322F65}"
EndProject
Project("{8BC9CEB8-8B4A-11D0-8D11-00A0C91BC942}") = "domain", "tests\domain\domain.vcproj", "{6BCD5E41-A567-4E16-8A91-396E0225E5E7}"
EndProject
Project("{8BC9CEB8-8B4A-11D0-8D11-00A0C91BC942}") = "gather", "tests\gather\gather.vcproj", "{0D6CEDF7-D086-42B9-81AC-5E4EAFCE4A33}"
EndProject
Project("{8BC9CEB8-8B4A-11D0-8D11-00A0C91BC942}") = "indexof", "tests\indexof\indexof.vcproj", "{131D7F15-9520-4AB9-970A-39E0F4788B45}"
EndProject
Project("{8BC9CEB8-8B4A-11D0-8D11-00A0C91BC942}") = "input_output", "tests\input_output\input_output.vcproj", "{DB6A1743-3054-436F-93F3-B2CAC02E861D}"
EndProject
Project("{8BC9CEB8-8B4A-11D0-8D11-00A0C91BC942}") = "reduction", "tests\reduction\reduction.vcproj", "{8B86E744-678F-4AB4-A606-E1C80B3C54DF}"
EndProject
Project("{8BC9CEB8-8B4A-11D0-8D11-00A0C91BC942}") = "replication_stride", "tests\replication_stride\replication_stride.vcproj", "{181F6E2D-11DD-4FD2-ACF7-1BA7E0DE75A5}"
EndProject
Project("{8BC9CEB8-8B4A-11D0-8D11-00A0C91BC942}") = "sum", "tests\sum\sum.vcproj", "{3BE02418-AD5D-43F6-B5F6-68D8A07C8DA7}"
EndProject
Project("{8BC9CEB8-8B4A-11D0-8D11-00A0C91BC942}") = "struct", "tests\struct\struct.vcproj", "{5ECBA263-F2BE-4D0D-BE96-DA6A69CAAAE1}"
EndProject
Project("{8BC9CEB8-8B4A-11D0-8D11-00A0C91BC942}") = "conjugate_gradient", "apps\conjugate_gradient\conjugate_gradient.vcproj", "{B0501E97-83C5-4169-B92B-BB24AA92D24A}"
EndProject
Global
	GlobalSection(SolutionConfigurationPlatforms) = preSolution
		Debug|Win32 = Debug|Win32
		Debug|x64 = Debug|x64
		Release|Win32 = Release|Win32
		Release|x64 = Release|x64
	EndGlobalSection
	GlobalSection(ProjectConfigurationPlatforms) = postSolution
		{A84C7E6A-7ED1-4EE6-9085-7882B1A35492}.Debug|Win32.ActiveCfg = Debug|Win32
		{A84C7E6A-7ED1-4EE6-9085-7882B1A35492}.Debug|Win32.Build.0 = Debug|Win32
		{A84C7E6A-7ED1-4EE6-9085-7882B1A35492}.Debug|x64.ActiveCfg = Debug|x64
		{A84C7E6A-7ED1-4EE6-9085-7882B1A35492}.Debug|x64.Build.0 = Debug|x64
		{A84C7E6A-7ED1-4EE6-9085-7882B1A35492}.Release|Win32.ActiveCfg = Release|Win32
		{A84C7E6A-7ED1-4EE6-9085-7882B1A35492}.Release|Win32.Build.0 = Release|Win32
		{A84C7E6A-7ED1-4EE6-9085-7882B1A35492}.Release|x64.ActiveCfg = Release|x64
		{A84C7E6A-7ED1-4EE6-9085-7882B1A35492}.Release|x64.Build.0 = Release|x64
		{AAA85058-BF4A-411B-87E9-4F6930FE3AA1}.Debug|Win32.ActiveCfg = Debug|Win32
		{AAA85058-BF4A-411B-87E9-4F6930FE3AA1}.Debug|Win32.Build.0 = Debug|Win32
		{AAA85058-BF4A-411B-87E9-4F6930FE3AA1}.Debug|x64.ActiveCfg = Debug|x64
		{AAA85058-BF4A-411B-87E9-4F6930FE3AA1}.Debug|x64.Build.0 = Debug|x64
		{AAA85058-BF4A-411B-87E9-4F6930FE3AA1}.Release|Win32.ActiveCfg = Release|Win32
		{AAA85058-BF4A-411B-87E9-4F6930FE3AA1}.Release|Win32.Build.0 = Release|Win32
		{AAA85058-BF4A-411B-87E9-4F6930FE3AA1}.Release|x64.ActiveCfg = Release|x64
		{AAA85058-BF4A-411B-87E9-4F6930FE3AA1}.Release|x64.Build.0 = Release|x64
		{D83FE897-8E4C-46DC-9710-5E8CDB4B753F}.Debug|Win32.ActiveCfg = Debug|Win32
		{D83FE897-8E4C-46DC-9710-5E8CDB4B753F}.Debug|Win32.Build.0 = Debug|Win32
		{D83FE897-8E4C-46DC-9710-5E8CDB4B753F}.Debug|x64.ActiveCfg = Debug|x64
		{D83FE897-8E4C-46DC-9710-5E8CDB4B753F}.Debug|x64.Build.0 = Debug|x64
		{D83FE897-8E4C-46DC-9710-5E8CDB4B753F}.Release|Win32.ActiveCfg = Release|Win32
		{D83FE897-8E4C-46DC-9710-5E8CDB4B753F}.Release|Win32.Build.0 = Release|Win32
		{D83FE897-8E4C-46DC-9710-5E8CDB4B753F}.Release|x64.ActiveCfg = Release|x64
		{D83FE897-8E4C-46DC-9710-5E8CDB4B753F}.Release|x64.Build.0 = Release|x64
		{6349DD7E-BF6F-4348-B1E4-755A7BF524B1}.Debug|Win32.ActiveCfg = Debug|Win32
		{6349DD7E-BF6F-4348-B1E4-755A7BF524B1}.Debug|Win32.Build.0 = Debug|Win32
		{6349DD7E-BF6F-4348-B1E4-755A7BF524B1}.Debug|x64.ActiveCfg = Debug|x64
		{6349DD7E-BF6F-4348-B1E4-755A7BF524B1}.Debug|x64.Build.0 = Debug|x64
		{6349DD7E-BF6F-4348-B1E4-755A7BF524B1}.Release|Win32.ActiveCfg = Release|Win32
		{6349DD7E-BF6F-4348-B1E4-755A7BF524B1}.Release|Win32.Build.0 = Release|Win32
		{6349DD7E-BF6F-4348-B1E4-755A7BF524B1}.Release|x64.ActiveCfg = Release|x64
		{6349DD7E-BF6F-4348-B1E4-755A7BF524B1}.Release|x64.Build.0 = Release|x64
		{AEA318FF-DCEC-4EE3-B469-1E8409934F4D}.Debug|Win32.ActiveCfg = Debug|Win32
		{AEA318FF-DCEC-4EE3-B469-1E8409934F4D}.Debug|Win32.Build.0 = Debug|Win32
		{AEA318FF-DCEC-4EE3-B469-1E8409934F4D}.Debug|x64.ActiveCfg = Debug|x64
		{AEA318FF-DCEC-4EE3-B469-1E8409934F4D}.Debug|x64.Build.0 = Debug|x64
		{AEA318FF-DCEC-4EE3-B469-1E8409934F4D}.Release|Win32.ActiveCfg = Release|Win32
		{AEA318FF-DCEC-4EE3-B469-1E8409934F4D}.Release|Win32.Build.0 = Release|Win32
		{AEA318FF-DCEC-4EE3-B469-1E8409934F4D}.Release|x64.ActiveCfg = Release|x64
		{AEA318FF-DCEC-4EE3-B469-1E8409934F4D}.Release|x64.Build.0 = Release|x64
		{084ADBE4-2181-498A-892B-C94F790E3B7C}.Debug|Win32.ActiveCfg = Debug|Win32
		{084ADBE4-2181-498A-892B-C94F790E3B7C}.Debug|Win32.Build.0 = Debug|Win32
		{084ADBE4-2181-498A-892B-C94F790E3B7C}.Debug|x64.ActiveCfg = Debug|x64
		{084ADBE4-2181-498A-892B-C94F790E3B7C}.Debug|x64.Build.0 = Debug|x64
		{084ADBE4-2181-498A-892B-C94F790E3B7C}.Release|Win32.ActiveCfg = Release|Win32
		{084ADBE4-2181-498A-892B-C94F790E3B7C}.Release|Win32.Build.0 = Release|Win32
		{084ADBE4-2181-498A-892B-C94F790E3B7C}.Release|x64.ActiveCfg = Release|x64
		{084ADBE4-2181-498A-892B-C94F790E3B7C}.Release|x64.Build.0 = Release|x64
		{643CA5FF-C58D-4B58-908D-7EBE9E77AB37}.Debug|Win32.ActiveCfg = Debug|Win32
		{643CA5FF-C58D-4B58-908D-7EBE9E77AB37}.Debug|Win32.Build.0 = Debug|Win32
		{643CA5FF-C58D-4B58-908D-7EBE9E77AB37}.Debug|x64.ActiveCfg = Debug|x64
		{643CA5FF-C58D-4B58-908D-7EBE9E77AB37}.Debug|x64.Build.0 = Debug|x64
		{643CA5FF-C58D-4B58-908D-7EBE9E77AB37}.Release|Win32.ActiveCfg = Release|Win32
		{643CA5FF-C58D-4B58-908D-7EBE9E77AB37}.Release|Win32.Build.0 = Release|Win32
		{643CA5FF-C58D-4B58-908D-7EBE9E77AB37}.Release|x64.ActiveCfg = Release|x64
		{643CA5FF-C58D-4B58-908D-7EBE9E77AB37}.Release|x64.Build.0 = Release|x64
		{33CCCDF4-929F-499D-A2B7-D190B08EB9B3}.Debug|Win32.ActiveCfg = Debug|Win32
		{33CCCDF4-929F-499D-A2B7-D190B08EB9B3}.Debug|Win32.Build.0 = Debug|Win32
		{33CCCDF4-929F-499D-A2B7-D190B08EB9B3}.Debug|x64.ActiveCfg = Debug|x64
		{33CCCDF4-929F-499D-A2B7-D190B08EB9B3}.Debug|x64.Build.0 = Debug|x64
		{33CCCDF4-929F-499D-A2B7-D190B08EB9B3}.Release|Win32.ActiveCfg = Release|Win32
		{33CCCDF4-929F-499D-A2B7-D190B08EB9B3}.Release|Win32.Build.0 = Release|Win32
		{33CCCDF4-929F-499D-A2B7-D190B08EB9B3}.Release|x64.ActiveCfg = Release|x64
		{33CCCDF4-929F-499D-A2B7-D190B08EB9B3}.Release|x64.Build.0 = Release|x64
		{DA9CBB1C-FE90-4C14-83C8-B480CF390904}.Debug|Win32.ActiveCfg = Debug|Win32
		{DA9CBB1C-FE90-4C14-83C8-B480CF390904}.Debug|Win32.Build.0 = Debug|Win32
		{DA9CBB1C-FE90-4C14-83C8-B480CF390904}.Debug|x64.ActiveCfg = Debug|x64
		{DA9CBB1C-FE90-4C14-83C8-B480CF390904}.Debug|x64.Build.0 = Debug|x64
		{DA9CBB1C-FE90-4C14-83C8-B480CF390904}.Release|Win32.ActiveCfg = Release|Win32
		{DA9CBB1C-FE90-4C14-83C8-B480CF390904}.Release|Win32.Build.0 = Release|Win32
		{DA9CBB1C-FE90-4C14-83C8-B480CF390904}.Release|x64.ActiveCfg = Release|x64
		{DA9CBB1C-FE90-4C14-83C8-B480CF390904}.Release|x64.Build.0 = Release|x64
		{0B7DAB9C-5DC6-4C89-B571-C01BD5BA7C4D}.Debug|Win32.ActiveCfg = Debug|Win32
		{0B7DAB9C-5DC6-4C89-B571-C01BD5BA7C4D}.Debug|Win32.Build.0 = Debug|Win32
		{0B7DAB9C-5DC6-4C89-B571-C01BD5BA7C4D}.Debug|x64.ActiveCfg = Debug|x64
		{0B7DAB9C-5DC6-4C89-B571-C01BD5BA7C4D}.Debug|x64.Build.0 = Debug|x64
		{0B7DAB9C-5DC6-4C89-B571-C01BD5BA7C4D}.Release|Win32.ActiveCfg = Release|Win32
		{0B7DAB9C-5DC6-4C89-B571-C01BD5BA7C4D}.Release|Win32.Build.0 = Release|Win32
		{0B7DAB9C-5DC6-4C89-B571-C01BD5BA7C4D}.Release|x64.ActiveCfg = Release|x64
		{0B7DAB9C-5DC6-4C89-B571-C01BD5BA7C4D}.Release|x64.Build.0 = Release|x64
		{36E636AF-1394-4ADC-9344-1CC7D7146C7D}.Debug|Win32.ActiveCfg = Debug|Win32
		{36E636AF-1394-4ADC-9344-1CC7D7146C7D}.Debug|Win32.Build.0 = Debug|Win32
		{36E636AF-1394-4ADC-9344-1CC7D7146C7D}.Debug|x64.ActiveCfg = Debug|x64
		{36E636AF-1394-4ADC-9344-1CC7D7146C7D}.Debug|x64.Build.0 = Debug|x64
		{36E636AF-1394-4ADC-9344-1CC7D7146C7D}.Release|Win32.ActiveCfg = Release|Win32
		{36E636AF-1394-4ADC-9344-1CC7D7146C7D}.Release|Win32.Build.0 = Release|Win32
		{36E636AF-1394-4ADC-9344-1CC7D7146C7D}.Release|x64.ActiveCfg = Release|x64
		{36E636AF-1394-4ADC-9344-1CC7D7146C7D}.Release|x64.Build.0 = Release|x64
		{EA1F2626-2A2B-41CD-89CB-44F53722D91D}.Debug|Win32.ActiveCfg = Debug|Win32
		{EA1F2626-2A2B-41CD-89CB-44F53722D91D}.Debug|Win32.Build.0 = Debug|Win32
		{EA1F2626-2A2B-41CD-89CB-44F53722D91D}.Debug|x64.ActiveCfg = Debug|x64
		{EA1F2626-2A2B-41CD-89CB-44F53722D91D}.Debug|x64.Build.0 = Debug|x64
		{EA1F2626-2A2B-41CD-89CB-44F53722D91D}.Release|Win32.ActiveCfg = Release|Win32
		{EA1F2626-2A2B-41CD-89CB-44F53722D91D}.Release|Win32.Build.0 = Release|Win32
		{EA1F2626-2A2B-41CD-89CB-44F53722D91D}.Release|x64.ActiveCfg = Release|x64
		{EA1F2626-2A2B-41CD-89CB-44F53722D91D}.Release|x64.Build.0 = Release|x64
		{5E79873F-181C-4486-B15E-C048920DCCA6}.Debug|Win32.ActiveCfg = Debug|Win32
		{5E79873F-181C-4486-B15E-C048920DCCA6}.Debug|Win32.Build.0 = Debug|Win32
		{5E79873F-181C-4486-B15E-C048920DCCA6}.Debug|x64.ActiveCfg = Debug|x64
		{5E79873F-181C-4486-B15E-C048920DCCA6}.Debug|x64.Build.0 = Debug|x64
		{5E79873F-181C-4486-B15E-C048920DCCA6}.Release|Win32.ActiveCfg = Release|Win32
		{5E79873F-181C-4486-B15E-C048920DCCA6}.Release|Win32.Build.0 = Release|Win32
		{5E79873F-181C-4486-B15E-C048920DCCA6}.Release|x64.ActiveCfg = Release|x64
		{5E79873F-181C-4486-B15E-C048920DCCA6}.Release|x64.Build.0 = Release|x64
		{C0E90D9F-A952-44DA-A3AA-4D74496B93CB}.Debug|Win32.ActiveCfg = Debug|Win32
		{C0E90D9F-A952-44DA-A3AA-4D74496B93CB}.Debug|Win32.Build.0 = Debug|Win32
		{C0E90D9F-A952-44DA-A3AA-4D74496B93CB}.Debug|x64.ActiveCfg = Debug|x64
		{C0E90D9F-A952-44DA-A3AA-4D74496B93CB}.Debug|x64.Build.0 = Debug|x64
		{C0E90D9F-A952-44DA-A3AA-4D74496B93CB}.Release|Win32.ActiveCfg = Release|Win32
		{C0E90D9F-A952-44DA-A3AA-4D74496B93CB}.Release|Win32.Build.0 = Release|Win32
		{C0E90D9F-A952-44DA-A3AA-4D74496B93CB}.Release|x64.ActiveCfg = Release|x64
		{C0E90D9F-A952-44DA-A3AA-4D74496B93CB}.Release|x64.Build.0 = Release|x64
		{64992FF0-90D8-4634-870F-DC9A23757EEC}.Debug|Win32.ActiveCfg = Debug|Win32
		{64992FF0-90D8-4634-870F-DC9A23757EEC}.Debug|Win32.Build.0 = Debug|Win32
		{64992FF0-90D8-4634-870F-DC9A23757EEC}.Debug|x64.ActiveCfg = Debug|x64
		{64992FF0-90D8-4634-870F-DC9A23757EEC}.Debug|x64.Build.0 = Debug|x64
		{64992FF0-90D8-4634-870F-DC9A23757EEC}.Release|Win32.ActiveCfg = Release|Win32
		{64992FF0-90D8-4634-870F-DC9A23757EEC}.Release|Win32.Build.0 = Release|Win32
		{64992FF0-90D8-4634-870F-DC9A23757EEC}.Release|x64.ActiveCfg = Release|x64
		{64992FF0-90D8-4634-870F-DC9A23757EEC}.Release|x64.Build.0 = Release|x64
		{E342B1E1-8D42-430C-BD4B-CCB1889779C7}.Debug|Win32.ActiveCfg = Debug|Win32
		{E342B1E1-8D42-430C-BD4B-CCB1889779C7}.Debug|Win32.Build.0 = Debug|Win32
		{E342B1E1-8D42-430C-BD4B-CCB1889779C7}.Debug|x64.ActiveCfg = Debug|x64
		{E342B1E1-8D42-430C-BD4B-CCB1889779C7}.Debug|x64.Build.0 = Debug|x64
		{E342B1E1-8D42-430C-BD4B-CCB1889779C7}.Release|Win32.ActiveCfg = Release|Win32
		{E342B1E1-8D42-430C-BD4B-CCB1889779C7}.Release|Win32.Build.0 = Release|Win32
		{E342B1E1-8D42-430C-BD4B-CCB1889779C7}.Release|x64.ActiveCfg = Release|x64
		{E342B1E1-8D42-430C-BD4B-CCB1889779C7}.Release|x64.Build.0 = Release|x64
		{1E154AF5-F349-42DC-9AFA-1C476445360A}.Debug|Win32.ActiveCfg = Debug|Win32
		{1E154AF5-F349-42DC-9AFA-1C476445360A}.Debug|Win32.Build.0 = Debug|Win32
		{1E154AF5-F349-42DC-9AFA-1C476445360A}.Debug|x64.ActiveCfg = Debug|x64
		{1E154AF5-F349-42DC-9AFA-1C476445360A}.Debug|x64.Build.0 = Debug|x64
		{1E154AF5-F349-42DC-9AFA-1C476445360A}.Release|Win32.ActiveCfg = Release|Win32
		{1E154AF5-F349-42DC-9AFA-1C476445360A}.Release|Win32.Build.0 = Release|Win32
		{1E154AF5-F349-42DC-9AFA-1C476445360A}.Release|x64.ActiveCfg = Release|x64
		{1E154AF5-F349-42DC-9AFA-1C476445360A}.Release|x64.Build.0 = Release|x64
		{FC13CA6C-8B2E-4BE3-BC53-CCCD77FBB3DA}.Debug|Win32.ActiveCfg = Debug|Win32
		{FC13CA6C-8B2E-4BE3-BC53-CCCD77FBB3DA}.Debug|Win32.Build.0 = Debug|Win32
		{FC13CA6C-8B2E-4BE3-BC53-CCCD77FBB3DA}.Debug|x64.ActiveCfg = Debug|x64
		{FC13CA6C-8B2E-4BE3-BC53-CCCD77FBB3DA}.Debug|x64.Build.0 = Debug|x64
		{FC13CA6C-8B2E-4BE3-BC53-CCCD77FBB3DA}.Release|Win32.ActiveCfg = Release|Win32
		{FC13CA6C-8B2E-4BE3-BC53-CCCD77FBB3DA}.Release|Win32.Build.0 = Release|Win32
		{FC13CA6C-8B2E-4BE3-BC53-CCCD77FBB3DA}.Release|x64.ActiveCfg = Release|x64
		{FC13CA6C-8B2E-4BE3-BC53-CCCD77FBB3DA}.Release|x64.Build.0 = Release|x64
		{05C8EE4C-25A0-4B5B-8597-0EDDF645321A}.Debug|Win32.ActiveCfg = Debug|Win32
		{05C8EE4C-25A0-4B5B-8597-0EDDF645321A}.Debug|Win32.Build.0 = Debug|Win32
		{05C8EE4C-25A0-4B5B-8597-0EDDF645321A}.Debug|x64.ActiveCfg = Debug|x64
		{05C8EE4C-25A0-4B5B-8597-0EDDF645321A}.Debug|x64.Build.0 = Debug|x64
		{05C8EE4C-25A0-4B5B-8597-0EDDF645321A}.Release|Win32.ActiveCfg = Release|Win32
		{05C8EE4C-25A0-4B5B-8597-0EDDF645321A}.Release|Win32.Build.0 = Release|Win32
		{05C8EE4C-25A0-4B5B-8597-0EDDF645321A}.Release|x64.ActiveCfg = Release|x64
		{05C8EE4C-25A0-4B5B-8597-0EDDF645321A}.Release|x64.Build.0 = Release|x64
		{4DBE6079-EB8F-4327-8508-2E82BA5D2F42}.Debug|Win32.ActiveCfg = Debug|Win32
		{4DBE6079-EB8F-4327-8508-2E82BA5D2F42}.Debug|Win32.Build.0 = Debug|Win32
		{4DBE6079-EB8F-4327-8508-2E82BA5D2F42}.Debug|x64.ActiveCfg = Debug|x64
		{4DBE6079-EB8F-4327-8508-2E82BA5D2F42}.Debug|x64.Build.0 = Debug|x64
		{4DBE6079-EB8F-4327-8508-2E82BA5D2F42}.Release|Win32.ActiveCfg = Release|Win32
		{4DBE6079-EB8F-4327-8508-2E82BA5D2F42}.Release|Win32.Build.0 = Release|Win32
		{4DBE6079-EB8F-4327-8508-2E82BA5D2F42}.Release|x64.ActiveCfg = Release|x64
		{4DBE6079-EB8F-4327-8508-2E82BA5D2F42}.Release|x64.Build.0 = Release|x64
		{8142CF3B-65D3-4617-8F60-4A57C08ACE97}.Debug|Win32.ActiveCfg = Debug|Win32
		{8142CF3B-65D3-4617-8F60-4A57C08ACE97}.Debug|Win32.Build.0 = Debug|Win32
		{8142CF3B-65D3-4617-8F60-4A57C08ACE97}.Debug|x64.ActiveCfg = Debug|x64
		{8142CF3B-65D3-4617-8F60-4A57C08ACE97}.Debug|x64.Build.0 = Debug|x64
		{8142CF3B-65D3-4617-8F60-4A57C08ACE97}.Release|Win32.ActiveCfg = Release|Win32
		{8142CF3B-65D3-4617-8F60-4A57C08ACE97}.Release|Win32.Build.0 = Release|Win32
		{8142CF3B-65D3-4617-8F60-4A57C08ACE97}.Release|x64.ActiveCfg = Release|x64
		{8142CF3B-65D3-4617-8F60-4A57C08ACE97}.Release|x64.Build.0 = Release|x64
		{389CEDB1-5A56-4D75-822E-6664A0322F65}.Debug|Win32.ActiveCfg = Debug|Win32
		{389CEDB1-5A56-4D75-822E-6664A0322F65}.Debug|Win32.Build.0 = Debug|Win32
		{389CEDB1-5A56-4D75-822E-6664A0322F65}.Debug|x64.ActiveCfg = Debug|x64
		{389CEDB1-5A56-4D75-822E-6664A0322F65}.Debug|x64.Build.0 = Debug|x64
		{389CEDB1-5A56-4D75-822E-6664A0322F65}.Release|Win32.ActiveCfg = Release|Win32
		{389CEDB1-5A56-4D75-822E-6664A0322F65}.Release|Win32.Build.0 = Release|Win32
		{389CEDB1-5A56-4D75-822E-6664A0322F65}.Release|x64.ActiveCfg = Release|x64
		{389CEDB1-5A56-4D75-822E-6664A0322F65}.Release|x64.Build.0 = Release|x64
		{6BCD5E41-A567-4E16-8A91-396E0225E5E7}.Debug|Win32.ActiveCfg = Debug|Win32
		{6BCD5E41-A567-4E16-8A91-396E0225E5E7}.Debug|Win32.Build.0 = Debug|Win32
		{6BCD5E41-A567-4E16-8A91-396E0225E5E7}.Debug|x64.ActiveCfg = Debug|x64
		{6BCD5E41-A567-4E16-8A91-396E0225E5E7}.Debug|x64.Build.0 = Debug|x64
		{6BCD5E41-A567-4E16-8A91-396E0225E5E7}.Release|Win32.ActiveCfg = Release|Win32
		{6BCD5E41-A567-4E16-8A91-396E0225E5E7}.Release|Win32.Build.0 = Release|Win32
		{6BCD5E41-A567-4E16-8A91-396E0225E5E7}.Release|x64.ActiveCfg = Release|x64
		{6BCD5E41-A567-4E16-8A91-396E0225E5E7}.Release|x64.Build.0 = Release|x64
		{0D6CEDF7-D086-42B9-81AC-5E4EAFCE4A33}.Debug|Win32.ActiveCfg = Debug|Win32
		{0D6CEDF7-D086-42B9-81AC-5E4EAFCE4A33}.Debug|Win32.Build.0 = Debug|Win32
		{0D6CEDF7-D086-42B9-81AC-5E4EAFCE4A33}.Debug|x64.ActiveCfg = Debug|x64
		{0D6CEDF7-D086-42B9-81AC-5E4EAFCE4A33}.Debug|x64.Build.0 = Debug|x64
		{0D6CEDF7-D086-42B9-81AC-5E4EAFCE4A33}.Release|Win32.ActiveCfg = Release|Win32
		{0D6CEDF7-D086-42B9-81AC-5E4EAFCE4A33}.Release|Win32.Build.0 = Release|Win32
		{0D6CEDF7-D086-42B9-81AC-5E4EAFCE4A33}.Release|x64.ActiveCfg = Release|x64
		{0D6CEDF7-D086-42B9-81AC-5E4EAFCE4A33}.Release|x64.Build.0 = Release|x64
		{131D7F15-9520-4AB9-970A-39E0F4788B45}.Debug|Win32.ActiveCfg = Debug|Win32
		{131D7F15-9520-4AB9-970A-39E0F4788B45}.Debug|Win32.Build.0 = Debug|Win32
		{131D7F15-9520-4AB9-970A-39E0F4788B45}.Debug|x64.ActiveCfg = Debug|x64
		{131D7F15-9520-4AB9-970A-39E0F4788B45}.Debug|x64.Build.0 = Debug|x64
		{131D7F15-9520-4AB9-970A-39E0F4788B45}.Release|Win32.ActiveCfg = Release|Win32
		{131D7F15-9520-4AB9-970A-39E0F4788B45}.Release|Win32.Build.0 = Release|Win32
		{131D7F15-9520-4AB9-970A-39E0F4788B45}.Release|x64.ActiveCfg = Release|x64
		{131D7F15-9520-4AB9-970A-39E0F4788B45}.Release|x64.Build.0 = Release|x64
		{DB6A1743-3054-436F-93F3-B2CAC02E861D}.Debug|Win32.ActiveCfg = Debug|Win32
		{DB6A1743-3054-436F-93F3-B2CAC02E861D}.Debug|Win32.Build.0 = Debug|Win32
		{DB6A1743-3054-436F-93F3-B2CAC02E861D}.Debug|x64.ActiveCfg = Debug|x64
		{DB6A1743-3054-436F-93F3-B2CAC02E861D}.Debug|x64.Build.0 = Debug|x64
		{DB6A1743-3054-436F-93F3-B2CAC02E861D}.Release|Win32.ActiveCfg = Release|Win32
		{DB6A1743-3054-436F-93F3-B2CAC02E861D}.Release|Win32.Build.0 = Release|Win32
		{DB6A1743-3054-436F-93F3-B2CAC02E861D}.Release|x64.ActiveCfg = Release|x64
		{DB6A1743-3054-436F-93F3-B2CAC02E861D}.Release|x64.Build.0 = Release|x64
		{8B86E744-678F-4AB4-A606-E1C80B3C54DF}.Debug|Win32.ActiveCfg = Debug|Win32
		{8B86E744-678F-4AB4-A606-E1C80B3C54DF}.Debug|Win32.Build.0 = Debug|Win32
		{8B86E744-678F-4AB4-A606-E1C80B3C54DF}.Debug|x64.ActiveCfg = Debug|x64
		{8B86E744-678F-4AB4-A606-E1C80B3C54DF}.Debug|x64.Build.0 = Debug|x64
		{8B86E744-678F-4AB4-A606-E1C80B3C54DF}.Release|Win32.ActiveCfg = Release|Win32
		{8B86E744-678F-4AB4-A606-E1C80B3C54DF}.Release|Win32.Build.0 = Release|Win32
		{8B86E744-678F-4AB4-A606-E1C80B3C54DF}.Release|x64.ActiveCfg = Release|x64
		{8B86E744-678F-4AB4-A606-E1C80B3C54DF}.Release|x64.Build.0 = Release|x64
		{181F6E2D-11DD-4FD2-ACF7-1BA7E0DE75A5}.Debug|Win32.ActiveCfg = Debug|Win32
		{181F6E2D-11DD-4FD2-ACF7-1BA7E0DE75A5}.Debug|Win32.Build.0 = Debug|Win32
		{181F6E2D-11DD-4FD2-ACF7-1BA7E0DE75A5}.Debug|x64.ActiveCfg = Debug|x64
		{181F6E2D-11DD-4FD2-ACF7-1BA7E0DE75A5}.Debug|x64.Build.0 = Debug|x64
		{181F6E2D-11DD-4FD2-ACF7-1BA7E0DE75A5}.Release|Win32.ActiveCfg = Release|Win32
		{181F6E2D-11DD-4FD2-ACF7-1BA7E0DE75A5}.Release|Win32.Build.0 = Release|Win32
		{181F6E2D-11DD-4FD2-ACF7-1BA7E0DE75A5}.Release|x64.ActiveCfg = Release|x64
		{181F6E2D-11DD-4FD2-ACF7-1BA7E0DE75A5}.Release|x64.Build.0 = Release|x64
		{3BE02418-AD5D-43F6-B5F6-68D8A07C8DA7}.Debug|Win32.ActiveCfg = Debug|Win32
		{3BE02418-AD5D-43F6-B5F6-68D8A07C8DA7}.Debug|Win32.Build.0 = Debug|Win32
		{3BE02418-AD5D-43F6-B5F6-68D8A07C8DA7}.Debug|x64.ActiveCfg = Debug|x64
		{3BE02418-AD5D-43F6-B5F6-68D8A07C8DA7}.Debug|x64.Build.0 = Debug|x64
		{3BE02418-AD5D-43F6-B5F6-68D8A07C8DA7}.Release|Win32.ActiveCfg = Release|Win32
		{3BE02418-AD5D-43F6-B5F6-68D8A07C8DA7}.Release|Win32.Build.0 = Release|Win32
		{3BE02418-AD5D-43F6-B5F6-68D8A07C8DA7}.Release|x64.ActiveCfg = Release|x64
		{3BE02418-AD5D-43F6-B5F6-68D8A07C8DA7}.Release|x64.Build.0 = Release|x64
		{5ECBA263-F2BE-4D0D-BE96-DA6A69CAAAE1}.Debug|Win32.ActiveCfg = Debug|Win32
		{5ECBA263-F2BE-4D0D-BE96-DA6A69CAAAE1}.Debug|Win32.Build.0 = Debug|Win32
		{5ECBA263-F2BE-4D0D-BE96-DA6A69CAAAE1}.Debug|x64.ActiveCfg = Debug|x64
		{5ECBA263-F2BE-4D0D-BE96-DA6A69CAAAE1}.Debug|x64.Build.0 = Debug|x64
		{5ECBA263-F2BE-4D0D-BE96-DA6A69CAAAE1}.Release|Win32.ActiveCfg = Release|Win32
		{5ECBA263-F2BE-4D0D-BE96-DA6A69CAAAE1}.Release|Win32.Build.0 = Release|Win32
		{5ECBA263-F2BE-4D0D-BE96-DA6A69CAAAE1}.Release|x64.ActiveCfg = Release|x64
		{5ECBA263-F2BE-4D0D-BE96-DA6A69CAAAE1}.Release|x64.Build.0 = Release|x64
		{B0501E97-83C5-4169-B92B-BB24AA92D24A}.Debug|Win32.ActiveCfg = Debug|Win32
		{B0501E97-83C5-4169-B92B-BB24AA92D24A}.Debug|Win32.Build.0 = Debug|Win32
		{B0501E97-83C5-4169-B92B-BB24AA92D24A}.Debug|x64.ActiveCfg = Debug|x64
		{B0501E97-83C5-4169-B92B-BB24AA92D24A}.Debug|x64.Build.0 = Debug|x64
		{B0501E97-83C5-4169-B92B-BB24AA92D24A}.Release|Win32.ActiveCfg = Release|Win32
		{B0501E97-83C5-4169-B92B-BB24AA92D24A}.Release|Win32.Build.0 = Release|Win32
		{B0501E97-83C5-4169-B92B-BB24AA92D24A}.Release|x64.ActiveCfg = Release|x64
		{B0501E97-83C5-4169-B92B-BB24AA92D24A}.Release|x64.Build.0 = Release|x64
	EndGlobalSection
	GlobalSection(SolutionProperties) = preSolution
		HideSolutionNode = FALSE
	EndGlobalSection
	GlobalSection(NestedProjects) = preSolution
		{A84C7E6A-7ED1-4EE6-9085-7882B1A35492} = {6DC235BA-AA30-4012-A99E-296D1098EEE4}
		{AAA85058-BF4A-411B-87E9-4F6930FE3AA1} = {6DC235BA-AA30-4012-A99E-296D1098EEE4}
		{D83FE897-8E4C-46DC-9710-5E8CDB4B753F} = {6DC235BA-AA30-4012-A99E-296D1098EEE4}
		{6349DD7E-BF6F-4348-B1E4-755A7BF524B1} = {6DC235BA-AA30-4012-A99E-296D1098EEE4}
		{AEA318FF-DCEC-4EE3-B469-1E8409934F4D} = {6DC235BA-AA30-4012-A99E-296D1098EEE4}
		{084ADBE4-2181-498A-892B-C94F790E3B7C} = {6DC235BA-AA30-4012-A99E-296D1098EEE4}
		{643CA5FF-C58D-4B58-908D-7EBE9E77AB37} = {6DC235BA-AA30-4012-A99E-296D1098EEE4}
		{33CCCDF4-929F-499D-A2B7-D190B08EB9B3} = {6DC235BA-AA30-4012-A99E-296D1098EEE4}
		{DA9CBB1C-FE90-4C14-83C8-B480CF390904} = {6DC235BA-AA30-4012-A99E-296D1098EEE4}
		{0B7DAB9C-5DC6-4C89-B571-C01BD5BA7C4D} = {6DC235BA-AA30-4012-A99E-296D1098EEE4}
		{36E636AF-1394-4ADC-9344-1CC7D7146C7D} = {6DC235BA-AA30-4012-A99E-296D1098EEE4}
		{EA1F2626-2A2B-41CD-89CB-44F53722D91D} = {6DC235BA-AA30-4012-A99E-296D1098EEE4}
		{5E79873F-181C-4486-B15E-C048920DCCA6} = {6DC235BA-AA30-4012-A99E-296D1098EEE4}
		{C0E90D9F-A952-44DA-A3AA-4D74496B93CB} = {6DC235BA-AA30-4012-A99E-296D1098EEE4}
		{64992FF0-90D8-4634-870F-DC9A23757EEC} = {6DC235BA-AA30-4012-A99E-296D1098EEE4}
		{E342B1E1-8D42-430C-BD4B-CCB1889779C7} = {6DC235BA-AA30-4012-A99E-296D1098EEE4}
		{1E154AF5-F349-42DC-9AFA-1C476445360A} = {6DC235BA-AA30-4012-A99E-296D1098EEE4}
		{FC13CA6C-8B2E-4BE3-BC53-CCCD77FBB3DA} = {6DC235BA-AA30-4012-A99E-296D1098EEE4}
		{05C8EE4C-25A0-4B5B-8597-0EDDF645321A} = {6DC235BA-AA30-4012-A99E-296D1098EEE4}
		{B0501E97-83C5-4169-B92B-BB24AA92D24A} = {6DC235BA-AA30-4012-A99E-296D1098EEE4}
		{4DBE6079-EB8F-4327-8508-2E82BA5D2F42} = {F1A45B57-8AA5-484F-B7D1-E09420A28FCA}
		{8142CF3B-65D3-4617-8F60-4A57C08ACE97} = {F1A45B57-8AA5-484F-B7D1-E09420A28FCA}
		{389CEDB1-5A56-4D75-822E-6664A0322F65} = {F1A45B57-8AA5-484F-B7D1-E09420A28FCA}
		{6BCD5E41-A567-4E16-8A91-396E0225E5E7} = {F1A45B57-8AA5-484F-B7D1-E09420A28FCA}
		{0D6CEDF7-D086-42B9-81AC-5E4EAFCE4A33} = {F1A45B57-8AA5-484F-B7D1-E09420A28FCA}
		{131D7F15-9520-4AB9-970A-39E0F4788B45} = {F1A45B57-8AA5-484F-B7D1-E09420A28FCA}
		{DB6A1743-3054-436F-93F3-B2CAC02E861D} = {F1A45B57-8AA5-484F-B7D1-E09420A28FCA}
		{8B86E744-678F-4AB4-A606-E1C80B3C54DF} = {F1A45B57-8AA5-484F-B7D1-E09420A28FCA}
		{181F6E2D-11DD-4FD2-ACF7-1BA7E0DE75A5} = {F1A45B57-8AA5-484F-B7D1-E09420A28FCA}
		{3BE02418-AD5D-43F6-B5F6-68D8A07C8DA7} = {F1A45B57-8AA5-484F-B7D1-E09420A28FCA}
		{5ECBA263-F2BE-4D0D-BE96-DA6A69CAAAE1} = {F1A45B57-8AA5-484F-B7D1-E09420A28FCA}
	EndGlobalSection
EndGlobal
